// !$*UTF8*$!
{
	archiveVersion = 1;
	classes = {
	};
	objectVersion = 46;
	objects = {

/* Begin PBXBuildFile section */
		0C0118161AC6F64A0042E1CC /* FileOperations.mm in Sources */ = {isa = PBXBuildFile; fileRef = 0C0118151AC6F64A0042E1CC /* FileOperations.mm */; };
		0C1EC06E1A6A623B004FA7C2 /* HardwareBuffer.cpp in Sources */ = {isa = PBXBuildFile; fileRef = 0C1EC06C1A6A623B004FA7C2 /* HardwareBuffer.cpp */; };
		0C2247701A3D925A00349BCC /* lua_scripts in Resources */ = {isa = PBXBuildFile; fileRef = 0C22476F1A3D925A00349BCC /* lua_scripts */; };
		0C2247721A3D92F700349BCC /* Shader in Resources */ = {isa = PBXBuildFile; fileRef = 0C2247711A3D92F700349BCC /* Shader */; };
		0C2E4F341A65641D003C6ABF /* PlaneRenderer.cpp in Sources */ = {isa = PBXBuildFile; fileRef = 0C2E4F311A65641D003C6ABF /* PlaneRenderer.cpp */; };
		0C3B904D1ABD60AE00F7C594 /* LineSketches.cpp in Sources */ = {isa = PBXBuildFile; fileRef = 0C3B904B1ABD60AE00F7C594 /* LineSketches.cpp */; };
		0C40ACB71AE35F52001CAC31 /* fontstash.c in Sources */ = {isa = PBXBuildFile; fileRef = 0C40ACB41AE35F52001CAC31 /* fontstash.c */; };
		0C45C6051A86213300A5424F /* TextureManager.cpp in Sources */ = {isa = PBXBuildFile; fileRef = 0C45C6031A86213300A5424F /* TextureManager.cpp */; };
		0C45C60B1A86246200A5424F /* stb_image.cpp in Sources */ = {isa = PBXBuildFile; fileRef = 0C45C6081A86246200A5424F /* stb_image.cpp */; };
		0C46317F1A5AE62D00D0CEFE /* media in Resources */ = {isa = PBXBuildFile; fileRef = 0C46317E1A5AE62D00D0CEFE /* media */; };
		0C50774A1AB56F7E00145A41 /* LineSegmentRenderer.cpp in Sources */ = {isa = PBXBuildFile; fileRef = 0C5077481AB56F7E00145A41 /* LineSegmentRenderer.cpp */; };
		0C529D2A1A7364C10034B1E5 /* StateDrawImpl.cpp in Sources */ = {isa = PBXBuildFile; fileRef = 0C529D281A7364C10034B1E5 /* StateDrawImpl.cpp */; };
		0C529D2D1A7382750034B1E5 /* PointRenderer.cpp in Sources */ = {isa = PBXBuildFile; fileRef = 0C529D2B1A7382750034B1E5 /* PointRenderer.cpp */; };
		0C5F954B1A614F0100BE91E9 /* Scene.cpp in Sources */ = {isa = PBXBuildFile; fileRef = 0C5F953E1A614F0100BE91E9 /* Scene.cpp */; };
		0C5F954C1A614F0100BE91E9 /* StateIdleImpl.cpp in Sources */ = {isa = PBXBuildFile; fileRef = 0C5F95411A614F0100BE91E9 /* StateIdleImpl.cpp */; };
		0C5F954D1A614F0100BE91E9 /* StateSelectPlaneImpl.cpp in Sources */ = {isa = PBXBuildFile; fileRef = 0C5F95431A614F0100BE91E9 /* StateSelectPlaneImpl.cpp */; };
		0C5F954E1A614F0100BE91E9 /* UIButtonImpl.cpp in Sources */ = {isa = PBXBuildFile; fileRef = 0C5F95461A614F0100BE91E9 /* UIButtonImpl.cpp */; };
		0C5F954F1A614F0100BE91E9 /* UIImpl.cpp in Sources */ = {isa = PBXBuildFile; fileRef = 0C5F95481A614F0100BE91E9 /* UIImpl.cpp */; };
		0C5F95521A614FD500BE91E9 /* Utility.cpp in Sources */ = {isa = PBXBuildFile; fileRef = 0C5F95501A614FD500BE91E9 /* Utility.cpp */; };
		0C5F95561A6157C700BE91E9 /* GLSLShader.cpp in Sources */ = {isa = PBXBuildFile; fileRef = 0C5F95541A6157C700BE91E9 /* GLSLShader.cpp */; };
		0C634FD51A30A35A0085E502 /* StateSelectPlane.cpp in Sources */ = {isa = PBXBuildFile; fileRef = 0C634FD31A30A35A0085E502 /* StateSelectPlane.cpp */; };
		0C68F9B21B229DAA00DDD23A /* StateDelete.cpp in Sources */ = {isa = PBXBuildFile; fileRef = 0C68F9B01B229DAA00DDD23A /* StateDelete.cpp */; };
		0C7201A81A7DFE4700CFA38F /* DepthPeeling.cpp in Sources */ = {isa = PBXBuildFile; fileRef = 0C7201A61A7DFE4700CFA38F /* DepthPeeling.cpp */; };
		0C73BF401B883D2100A9B7D2 /* IMGUI.cpp in Sources */ = {isa = PBXBuildFile; fileRef = 0C73BF3E1B883D2100A9B7D2 /* IMGUI.cpp */; };
		0C7764231A3C7ABE0010E1BB /* UI.cpp in Sources */ = {isa = PBXBuildFile; fileRef = 0C77641D1A3C7ABE0010E1BB /* UI.cpp */; };
		0C7764241A3C7ABE0010E1BB /* UIButton.cpp in Sources */ = {isa = PBXBuildFile; fileRef = 0C77641F1A3C7ABE0010E1BB /* UIButton.cpp */; };
		0C7764251A3C7ABE0010E1BB /* UINode.cpp in Sources */ = {isa = PBXBuildFile; fileRef = 0C7764211A3C7ABE0010E1BB /* UINode.cpp */; };
		0C8889851A2984C600068098 /* LineSegment.cpp in Sources */ = {isa = PBXBuildFile; fileRef = 0C88896F1A2984C600068098 /* LineSegment.cpp */; };
		0C8889861A2984C600068098 /* Plane.cpp in Sources */ = {isa = PBXBuildFile; fileRef = 0C8889711A2984C600068098 /* Plane.cpp */; };
		0C8889871A2984C600068098 /* Camera.cpp in Sources */ = {isa = PBXBuildFile; fileRef = 0C8889751A2984C600068098 /* Camera.cpp */; };
		0C8889881A2984C600068098 /* Project.cpp in Sources */ = {isa = PBXBuildFile; fileRef = 0C8889781A2984C600068098 /* Project.cpp */; };
		0C8889891A2984C600068098 /* Matrices.cpp in Sources */ = {isa = PBXBuildFile; fileRef = 0C88897B1A2984C600068098 /* Matrices.cpp */; };
		0C88898A1A2984C600068098 /* Quaternion.cpp in Sources */ = {isa = PBXBuildFile; fileRef = 0C88897D1A2984C600068098 /* Quaternion.cpp */; };
		0C88898B1A2984C600068098 /* Intersect.cpp in Sources */ = {isa = PBXBuildFile; fileRef = 0C8889811A2984C600068098 /* Intersect.cpp */; };
		0C88898C1A2984C600068098 /* Utility.cpp in Sources */ = {isa = PBXBuildFile; fileRef = 0C8889831A2984C600068098 /* Utility.cpp */; };
		0C8889921A2AB05300068098 /* State.cpp in Sources */ = {isa = PBXBuildFile; fileRef = 0C88898E1A2AB05300068098 /* State.cpp */; };
		0C8889931A2AB05300068098 /* StateIdle.cpp in Sources */ = {isa = PBXBuildFile; fileRef = 0C8889901A2AB05300068098 /* StateIdle.cpp */; };
		0C8889971A2ABF7A00068098 /* Controller.cpp in Sources */ = {isa = PBXBuildFile; fileRef = 0C8889961A2ABF7A00068098 /* Controller.cpp */; };
		0C88899D1A2AC0B600068098 /* luatables.cpp in Sources */ = {isa = PBXBuildFile; fileRef = 0C8889991A2AC0B600068098 /* luatables.cpp */; };
		0C88899E1A2AC0B600068098 /* luaUtility.cpp in Sources */ = {isa = PBXBuildFile; fileRef = 0C88899B1A2AC0B600068098 /* luaUtility.cpp */; };
		0C8889A01A2ACB2E00068098 /* liblua.a in Frameworks */ = {isa = PBXBuildFile; fileRef = 0C88899F1A2ACB2E00068098 /* liblua.a */; };
		0C8889A71A2B1AB100068098 /* StateDraw.cpp in Sources */ = {isa = PBXBuildFile; fileRef = 0C8889A51A2B1AB100068098 /* StateDraw.cpp */; };
		0C8D44251A218473005421E1 /* CashewInputController.m in Sources */ = {isa = PBXBuildFile; fileRef = 0C8D441C1A218473005421E1 /* CashewInputController.m */; };
		0C8D44261A218473005421E1 /* CashewOpenGLInfoHelper.m in Sources */ = {isa = PBXBuildFile; fileRef = 0C8D441E1A218473005421E1 /* CashewOpenGLInfoHelper.m */; };
		0C8D44271A218473005421E1 /* CashewOpenGLView.m in Sources */ = {isa = PBXBuildFile; fileRef = 0C8D44201A218473005421E1 /* CashewOpenGLView.m */; };
		0C8D442B1A2199B8005421E1 /* CashewApp.mm in Sources */ = {isa = PBXBuildFile; fileRef = 0C8D442A1A2199B8005421E1 /* CashewApp.mm */; };
		0C916B291A20A0AE00676D57 /* CashewAppDelegate.mm in Sources */ = {isa = PBXBuildFile; fileRef = 0C916B281A20A0AE00676D57 /* CashewAppDelegate.mm */; };
		0C916B2B1A20A0AE00676D57 /* main.m in Sources */ = {isa = PBXBuildFile; fileRef = 0C916B2A1A20A0AE00676D57 /* main.m */; };
		0C916B2D1A20A0AE00676D57 /* Images.xcassets in Resources */ = {isa = PBXBuildFile; fileRef = 0C916B2C1A20A0AE00676D57 /* Images.xcassets */; };
		0C916B301A20A0AE00676D57 /* MainMenu.xib in Resources */ = {isa = PBXBuildFile; fileRef = 0C916B2E1A20A0AE00676D57 /* MainMenu.xib */; };
		0C916B3C1A20A0AE00676D57 /* cashewTests.m in Sources */ = {isa = PBXBuildFile; fileRef = 0C916B3B1A20A0AE00676D57 /* cashewTests.m */; };
		0C925C751B197D6B00B304F9 /* FlushDrawWrapper.cpp in Sources */ = {isa = PBXBuildFile; fileRef = 0C925C731B197D6B00B304F9 /* FlushDrawWrapper.cpp */; };
		0CC49AEC1B64E391007BC02A /* StateMirror.cpp in Sources */ = {isa = PBXBuildFile; fileRef = 0CC49AEB1B64E391007BC02A /* StateMirror.cpp */; };
		0CC49AEF1B64E9A0007BC02A /* StateMirrorImpl.cpp in Sources */ = {isa = PBXBuildFile; fileRef = 0CC49AED1B64E9A0007BC02A /* StateMirrorImpl.cpp */; };
		0CE732561B14928D0049D5FD /* FontRenderer.cpp in Sources */ = {isa = PBXBuildFile; fileRef = 0CE732541B14928D0049D5FD /* FontRenderer.cpp */; };
		0CE999331B510C1D003378BF /* UILabel.cpp in Sources */ = {isa = PBXBuildFile; fileRef = 0CE999311B510C1D003378BF /* UILabel.cpp */; };
		0CE999361B510C65003378BF /* UILabelImpl.cpp in Sources */ = {isa = PBXBuildFile; fileRef = 0CE999341B510C65003378BF /* UILabelImpl.cpp */; };
		0CEC95121B2414260069AAEC /* StateDeleteImpl.cpp in Sources */ = {isa = PBXBuildFile; fileRef = 0CEC95101B2414260069AAEC /* StateDeleteImpl.cpp */; };
/* End PBXBuildFile section */

/* Begin PBXContainerItemProxy section */
		0C916B361A20A0AE00676D57 /* PBXContainerItemProxy */ = {
			isa = PBXContainerItemProxy;
			containerPortal = 0C916B1A1A20A0AE00676D57 /* Project object */;
			proxyType = 1;
			remoteGlobalIDString = 0C916B211A20A0AE00676D57;
			remoteInfo = cashew;
		};
/* End PBXContainerItemProxy section */

/* Begin PBXFileReference section */
		0C0118151AC6F64A0042E1CC /* FileOperations.mm */ = {isa = PBXFileReference; fileEncoding = 4; lastKnownFileType = sourcecode.cpp.objcpp; path = FileOperations.mm; sourceTree = "<group>"; };
		0C0118171AC6F68E0042E1CC /* FileOperations.h */ = {isa = PBXFileReference; lastKnownFileType = sourcecode.c.h; path = FileOperations.h; sourceTree = "<group>"; };
		0C0118181AC6F6CC0042E1CC /* FileOperationsCppWrapper.h */ = {isa = PBXFileReference; lastKnownFileType = sourcecode.c.h; path = FileOperationsCppWrapper.h; sourceTree = "<group>"; };
		0C1EC06C1A6A623B004FA7C2 /* HardwareBuffer.cpp */ = {isa = PBXFileReference; fileEncoding = 4; lastKnownFileType = sourcecode.cpp.cpp; path = HardwareBuffer.cpp; sourceTree = "<group>"; };
		0C1EC06D1A6A623B004FA7C2 /* HardwareBuffer.h */ = {isa = PBXFileReference; fileEncoding = 4; lastKnownFileType = sourcecode.c.h; path = HardwareBuffer.h; sourceTree = "<group>"; };
		0C22476F1A3D925A00349BCC /* lua_scripts */ = {isa = PBXFileReference; lastKnownFileType = folder; path = lua_scripts; sourceTree = "<group>"; };
		0C2247711A3D92F700349BCC /* Shader */ = {isa = PBXFileReference; lastKnownFileType = folder; path = Shader; sourceTree = "<group>"; };
		0C2E4F311A65641D003C6ABF /* PlaneRenderer.cpp */ = {isa = PBXFileReference; fileEncoding = 4; lastKnownFileType = sourcecode.cpp.cpp; path = PlaneRenderer.cpp; sourceTree = "<group>"; };
		0C2E4F321A65641D003C6ABF /* PlaneRenderer.h */ = {isa = PBXFileReference; fileEncoding = 4; lastKnownFileType = sourcecode.c.h; path = PlaneRenderer.h; sourceTree = "<group>"; };
		0C3B904B1ABD60AE00F7C594 /* LineSketches.cpp */ = {isa = PBXFileReference; fileEncoding = 4; lastKnownFileType = sourcecode.cpp.cpp; name = LineSketches.cpp; path = ../../../../../../src/OpenGL/Impl/Scene/LineSketches.cpp; sourceTree = "<group>"; };
		0C3B904C1ABD60AE00F7C594 /* LineSketches.h */ = {isa = PBXFileReference; fileEncoding = 4; lastKnownFileType = sourcecode.c.h; name = LineSketches.h; path = ../../../../../../src/OpenGL/Impl/Scene/LineSketches.h; sourceTree = "<group>"; };
		0C40ACB41AE35F52001CAC31 /* fontstash.c */ = {isa = PBXFileReference; fileEncoding = 4; lastKnownFileType = sourcecode.c.c; path = fontstash.c; sourceTree = "<group>"; };
		0C40ACB51AE35F52001CAC31 /* fontstash.h */ = {isa = PBXFileReference; fileEncoding = 4; lastKnownFileType = sourcecode.c.h; path = fontstash.h; sourceTree = "<group>"; };
		0C40ACB61AE35F52001CAC31 /* stb_truetype.h */ = {isa = PBXFileReference; fileEncoding = 4; lastKnownFileType = sourcecode.c.h; path = stb_truetype.h; sourceTree = "<group>"; };
		0C45C6031A86213300A5424F /* TextureManager.cpp */ = {isa = PBXFileReference; fileEncoding = 4; lastKnownFileType = sourcecode.cpp.cpp; path = TextureManager.cpp; sourceTree = "<group>"; };
		0C45C6041A86213300A5424F /* TextureManager.h */ = {isa = PBXFileReference; fileEncoding = 4; lastKnownFileType = sourcecode.c.h; path = TextureManager.h; sourceTree = "<group>"; };
		0C45C6081A86246200A5424F /* stb_image.cpp */ = {isa = PBXFileReference; fileEncoding = 4; lastKnownFileType = sourcecode.cpp.cpp; path = stb_image.cpp; sourceTree = "<group>"; };
		0C45C6091A86246200A5424F /* stb_image.h */ = {isa = PBXFileReference; fileEncoding = 4; lastKnownFileType = sourcecode.c.h; path = stb_image.h; sourceTree = "<group>"; };
		0C46317E1A5AE62D00D0CEFE /* media */ = {isa = PBXFileReference; lastKnownFileType = folder; path = media; sourceTree = "<group>"; };
		0C5077481AB56F7E00145A41 /* LineSegmentRenderer.cpp */ = {isa = PBXFileReference; fileEncoding = 4; lastKnownFileType = sourcecode.cpp.cpp; path = LineSegmentRenderer.cpp; sourceTree = "<group>"; };
		0C5077491AB56F7E00145A41 /* LineSegmentRenderer.h */ = {isa = PBXFileReference; fileEncoding = 4; lastKnownFileType = sourcecode.c.h; path = LineSegmentRenderer.h; sourceTree = "<group>"; };
		0C529D281A7364C10034B1E5 /* StateDrawImpl.cpp */ = {isa = PBXFileReference; fileEncoding = 4; lastKnownFileType = sourcecode.cpp.cpp; name = StateDrawImpl.cpp; path = ../../../../../../src/OpenGL/Impl/State/StateDrawImpl.cpp; sourceTree = "<group>"; };
		0C529D291A7364C10034B1E5 /* StateDrawImpl.h */ = {isa = PBXFileReference; fileEncoding = 4; lastKnownFileType = sourcecode.c.h; name = StateDrawImpl.h; path = ../../../../../../src/OpenGL/Impl/State/StateDrawImpl.h; sourceTree = "<group>"; };
		0C529D2B1A7382750034B1E5 /* PointRenderer.cpp */ = {isa = PBXFileReference; fileEncoding = 4; lastKnownFileType = sourcecode.cpp.cpp; path = PointRenderer.cpp; sourceTree = "<group>"; };
		0C529D2C1A7382750034B1E5 /* PointRenderer.h */ = {isa = PBXFileReference; fileEncoding = 4; lastKnownFileType = sourcecode.c.h; path = PointRenderer.h; sourceTree = "<group>"; };
		0C5F953E1A614F0100BE91E9 /* Scene.cpp */ = {isa = PBXFileReference; fileEncoding = 4; lastKnownFileType = sourcecode.cpp.cpp; path = Scene.cpp; sourceTree = "<group>"; };
		0C5F953F1A614F0100BE91E9 /* Scene.h */ = {isa = PBXFileReference; fileEncoding = 4; lastKnownFileType = sourcecode.c.h; path = Scene.h; sourceTree = "<group>"; };
		0C5F95411A614F0100BE91E9 /* StateIdleImpl.cpp */ = {isa = PBXFileReference; fileEncoding = 4; lastKnownFileType = sourcecode.cpp.cpp; path = StateIdleImpl.cpp; sourceTree = "<group>"; };
		0C5F95421A614F0100BE91E9 /* StateIdleImpl.h */ = {isa = PBXFileReference; fileEncoding = 4; lastKnownFileType = sourcecode.c.h; path = StateIdleImpl.h; sourceTree = "<group>"; };
		0C5F95431A614F0100BE91E9 /* StateSelectPlaneImpl.cpp */ = {isa = PBXFileReference; fileEncoding = 4; lastKnownFileType = sourcecode.cpp.cpp; path = StateSelectPlaneImpl.cpp; sourceTree = "<group>"; };
		0C5F95441A614F0100BE91E9 /* StateSelectPlaneImpl.h */ = {isa = PBXFileReference; fileEncoding = 4; lastKnownFileType = sourcecode.c.h; path = StateSelectPlaneImpl.h; sourceTree = "<group>"; };
		0C5F95461A614F0100BE91E9 /* UIButtonImpl.cpp */ = {isa = PBXFileReference; fileEncoding = 4; lastKnownFileType = sourcecode.cpp.cpp; path = UIButtonImpl.cpp; sourceTree = "<group>"; };
		0C5F95471A614F0100BE91E9 /* UIButtonImpl.h */ = {isa = PBXFileReference; fileEncoding = 4; lastKnownFileType = sourcecode.c.h; path = UIButtonImpl.h; sourceTree = "<group>"; };
		0C5F95481A614F0100BE91E9 /* UIImpl.cpp */ = {isa = PBXFileReference; fileEncoding = 4; lastKnownFileType = sourcecode.cpp.cpp; path = UIImpl.cpp; sourceTree = "<group>"; };
		0C5F95491A614F0100BE91E9 /* UIImpl.h */ = {isa = PBXFileReference; fileEncoding = 4; lastKnownFileType = sourcecode.c.h; path = UIImpl.h; sourceTree = "<group>"; };
		0C5F95501A614FD500BE91E9 /* Utility.cpp */ = {isa = PBXFileReference; fileEncoding = 4; lastKnownFileType = sourcecode.cpp.cpp; name = Utility.cpp; path = ../../../../../src/OpenGL/Util/Utility.cpp; sourceTree = "<group>"; };
		0C5F95511A614FD500BE91E9 /* Utility.h */ = {isa = PBXFileReference; fileEncoding = 4; lastKnownFileType = sourcecode.c.h; name = Utility.h; path = ../../../../../src/OpenGL/Util/Utility.h; sourceTree = "<group>"; };
		0C5F95541A6157C700BE91E9 /* GLSLShader.cpp */ = {isa = PBXFileReference; fileEncoding = 4; lastKnownFileType = sourcecode.cpp.cpp; path = GLSLShader.cpp; sourceTree = "<group>"; };
		0C5F95551A6157C700BE91E9 /* GLSLShader.h */ = {isa = PBXFileReference; fileEncoding = 4; lastKnownFileType = sourcecode.c.h; path = GLSLShader.h; sourceTree = "<group>"; };
		0C634FD31A30A35A0085E502 /* StateSelectPlane.cpp */ = {isa = PBXFileReference; fileEncoding = 4; lastKnownFileType = sourcecode.cpp.cpp; path = StateSelectPlane.cpp; sourceTree = "<group>"; };
		0C634FD41A30A35A0085E502 /* StateSelectPlane.h */ = {isa = PBXFileReference; fileEncoding = 4; lastKnownFileType = sourcecode.c.h; path = StateSelectPlane.h; sourceTree = "<group>"; };
		0C68F9B01B229DAA00DDD23A /* StateDelete.cpp */ = {isa = PBXFileReference; fileEncoding = 4; lastKnownFileType = sourcecode.cpp.cpp; path = StateDelete.cpp; sourceTree = "<group>"; };
		0C68F9B11B229DAA00DDD23A /* StateDelete.h */ = {isa = PBXFileReference; fileEncoding = 4; lastKnownFileType = sourcecode.c.h; path = StateDelete.h; sourceTree = "<group>"; };
		0C693EF31AA4BF7700356F22 /* Mouse.h */ = {isa = PBXFileReference; lastKnownFileType = sourcecode.c.h; path = Mouse.h; sourceTree = "<group>"; };
		0C7201A61A7DFE4700CFA38F /* DepthPeeling.cpp */ = {isa = PBXFileReference; fileEncoding = 4; lastKnownFileType = sourcecode.cpp.cpp; path = DepthPeeling.cpp; sourceTree = "<group>"; };
		0C7201A71A7DFE4700CFA38F /* DepthPeeling.h */ = {isa = PBXFileReference; fileEncoding = 4; lastKnownFileType = sourcecode.c.h; path = DepthPeeling.h; sourceTree = "<group>"; };
		0C73BF3E1B883D2100A9B7D2 /* IMGUI.cpp */ = {isa = PBXFileReference; fileEncoding = 4; lastKnownFileType = sourcecode.cpp.cpp; path = IMGUI.cpp; sourceTree = "<group>"; };
		0C73BF3F1B883D2100A9B7D2 /* IMGUI.h */ = {isa = PBXFileReference; fileEncoding = 4; lastKnownFileType = sourcecode.c.h; path = IMGUI.h; sourceTree = "<group>"; };
		0C77641D1A3C7ABE0010E1BB /* UI.cpp */ = {isa = PBXFileReference; fileEncoding = 4; lastKnownFileType = sourcecode.cpp.cpp; path = UI.cpp; sourceTree = "<group>"; };
		0C77641E1A3C7ABE0010E1BB /* UI.h */ = {isa = PBXFileReference; fileEncoding = 4; lastKnownFileType = sourcecode.c.h; path = UI.h; sourceTree = "<group>"; };
		0C77641F1A3C7ABE0010E1BB /* UIButton.cpp */ = {isa = PBXFileReference; fileEncoding = 4; lastKnownFileType = sourcecode.cpp.cpp; path = UIButton.cpp; sourceTree = "<group>"; };
		0C7764201A3C7ABE0010E1BB /* UIButton.h */ = {isa = PBXFileReference; fileEncoding = 4; lastKnownFileType = sourcecode.c.h; path = UIButton.h; sourceTree = "<group>"; };
		0C7764211A3C7ABE0010E1BB /* UINode.cpp */ = {isa = PBXFileReference; fileEncoding = 4; lastKnownFileType = sourcecode.cpp.cpp; path = UINode.cpp; sourceTree = "<group>"; };
		0C7764221A3C7ABE0010E1BB /* UINode.h */ = {isa = PBXFileReference; fileEncoding = 4; lastKnownFileType = sourcecode.c.h; path = UINode.h; sourceTree = "<group>"; };
		0C88896F1A2984C600068098 /* LineSegment.cpp */ = {isa = PBXFileReference; fileEncoding = 4; lastKnownFileType = sourcecode.cpp.cpp; path = LineSegment.cpp; sourceTree = "<group>"; };
		0C8889701A2984C600068098 /* LineSegment.h */ = {isa = PBXFileReference; fileEncoding = 4; lastKnownFileType = sourcecode.c.h; path = LineSegment.h; sourceTree = "<group>"; };
		0C8889711A2984C600068098 /* Plane.cpp */ = {isa = PBXFileReference; fileEncoding = 4; lastKnownFileType = sourcecode.cpp.cpp; path = Plane.cpp; sourceTree = "<group>"; };
		0C8889721A2984C600068098 /* Plane.h */ = {isa = PBXFileReference; fileEncoding = 4; lastKnownFileType = sourcecode.c.h; path = Plane.h; sourceTree = "<group>"; };
		0C8889731A2984C600068098 /* Ray.h */ = {isa = PBXFileReference; fileEncoding = 4; lastKnownFileType = sourcecode.c.h; path = Ray.h; sourceTree = "<group>"; };
		0C8889751A2984C600068098 /* Camera.cpp */ = {isa = PBXFileReference; fileEncoding = 4; lastKnownFileType = sourcecode.cpp.cpp; path = Camera.cpp; sourceTree = "<group>"; };
		0C8889761A2984C600068098 /* Camera.h */ = {isa = PBXFileReference; fileEncoding = 4; lastKnownFileType = sourcecode.c.h; path = Camera.h; sourceTree = "<group>"; };
		0C8889781A2984C600068098 /* Project.cpp */ = {isa = PBXFileReference; fileEncoding = 4; lastKnownFileType = sourcecode.cpp.cpp; path = Project.cpp; sourceTree = "<group>"; };
		0C8889791A2984C600068098 /* Project.h */ = {isa = PBXFileReference; fileEncoding = 4; lastKnownFileType = sourcecode.c.h; path = Project.h; sourceTree = "<group>"; };
		0C88897B1A2984C600068098 /* Matrices.cpp */ = {isa = PBXFileReference; fileEncoding = 4; lastKnownFileType = sourcecode.cpp.cpp; path = Matrices.cpp; sourceTree = "<group>"; };
		0C88897C1A2984C600068098 /* Matrices.h */ = {isa = PBXFileReference; fileEncoding = 4; lastKnownFileType = sourcecode.c.h; path = Matrices.h; sourceTree = "<group>"; };
		0C88897D1A2984C600068098 /* Quaternion.cpp */ = {isa = PBXFileReference; fileEncoding = 4; lastKnownFileType = sourcecode.cpp.cpp; path = Quaternion.cpp; sourceTree = "<group>"; };
		0C88897E1A2984C600068098 /* Quaternion.h */ = {isa = PBXFileReference; fileEncoding = 4; lastKnownFileType = sourcecode.c.h; path = Quaternion.h; sourceTree = "<group>"; };
		0C88897F1A2984C600068098 /* Vectors.h */ = {isa = PBXFileReference; fileEncoding = 4; lastKnownFileType = sourcecode.c.h; path = Vectors.h; sourceTree = "<group>"; };
		0C8889811A2984C600068098 /* Intersect.cpp */ = {isa = PBXFileReference; fileEncoding = 4; lastKnownFileType = sourcecode.cpp.cpp; path = Intersect.cpp; sourceTree = "<group>"; };
		0C8889821A2984C600068098 /* Intersect.h */ = {isa = PBXFileReference; fileEncoding = 4; lastKnownFileType = sourcecode.c.h; path = Intersect.h; sourceTree = "<group>"; };
		0C8889831A2984C600068098 /* Utility.cpp */ = {isa = PBXFileReference; fileEncoding = 4; lastKnownFileType = sourcecode.cpp.cpp; path = Utility.cpp; sourceTree = "<group>"; };
		0C8889841A2984C600068098 /* Utility.h */ = {isa = PBXFileReference; fileEncoding = 4; lastKnownFileType = sourcecode.c.h; path = Utility.h; sourceTree = "<group>"; };
		0C88898E1A2AB05300068098 /* State.cpp */ = {isa = PBXFileReference; fileEncoding = 4; lastKnownFileType = sourcecode.cpp.cpp; path = State.cpp; sourceTree = "<group>"; };
		0C88898F1A2AB05300068098 /* State.h */ = {isa = PBXFileReference; fileEncoding = 4; lastKnownFileType = sourcecode.c.h; path = State.h; sourceTree = "<group>"; };
		0C8889901A2AB05300068098 /* StateIdle.cpp */ = {isa = PBXFileReference; fileEncoding = 4; lastKnownFileType = sourcecode.cpp.cpp; path = StateIdle.cpp; sourceTree = "<group>"; };
		0C8889911A2AB05300068098 /* StateIdle.h */ = {isa = PBXFileReference; fileEncoding = 4; lastKnownFileType = sourcecode.c.h; path = StateIdle.h; sourceTree = "<group>"; };
		0C8889951A2ABEDB00068098 /* Controller.h */ = {isa = PBXFileReference; fileEncoding = 4; lastKnownFileType = sourcecode.c.h; path = Controller.h; sourceTree = "<group>"; };
		0C8889961A2ABF7A00068098 /* Controller.cpp */ = {isa = PBXFileReference; fileEncoding = 4; lastKnownFileType = sourcecode.cpp.cpp; path = Controller.cpp; sourceTree = "<group>"; };
		0C8889991A2AC0B600068098 /* luatables.cpp */ = {isa = PBXFileReference; fileEncoding = 4; lastKnownFileType = sourcecode.cpp.cpp; path = luatables.cpp; sourceTree = "<group>"; };
		0C88899A1A2AC0B600068098 /* luatables.h */ = {isa = PBXFileReference; fileEncoding = 4; lastKnownFileType = sourcecode.c.h; path = luatables.h; sourceTree = "<group>"; };
		0C88899B1A2AC0B600068098 /* luaUtility.cpp */ = {isa = PBXFileReference; fileEncoding = 4; lastKnownFileType = sourcecode.cpp.cpp; path = luaUtility.cpp; sourceTree = "<group>"; };
		0C88899C1A2AC0B600068098 /* luaUtility.h */ = {isa = PBXFileReference; fileEncoding = 4; lastKnownFileType = sourcecode.c.h; path = luaUtility.h; sourceTree = "<group>"; };
		0C88899F1A2ACB2E00068098 /* liblua.a */ = {isa = PBXFileReference; lastKnownFileType = archive.ar; name = liblua.a; path = "../../lib/lua-5.2.3/src/liblua.a"; sourceTree = "<group>"; };
		0C8889A51A2B1AB100068098 /* StateDraw.cpp */ = {isa = PBXFileReference; fileEncoding = 4; lastKnownFileType = sourcecode.cpp.cpp; path = StateDraw.cpp; sourceTree = "<group>"; };
		0C8889A61A2B1AB100068098 /* StateDraw.h */ = {isa = PBXFileReference; fileEncoding = 4; lastKnownFileType = sourcecode.c.h; path = StateDraw.h; sourceTree = "<group>"; };
		0C8D441B1A218473005421E1 /* CashewInputController.h */ = {isa = PBXFileReference; fileEncoding = 4; lastKnownFileType = sourcecode.c.h; path = CashewInputController.h; sourceTree = "<group>"; };
		0C8D441C1A218473005421E1 /* CashewInputController.m */ = {isa = PBXFileReference; fileEncoding = 4; lastKnownFileType = sourcecode.c.objc; path = CashewInputController.m; sourceTree = "<group>"; };
		0C8D441D1A218473005421E1 /* CashewOpenGLInfoHelper.h */ = {isa = PBXFileReference; fileEncoding = 4; lastKnownFileType = sourcecode.c.h; path = CashewOpenGLInfoHelper.h; sourceTree = "<group>"; };
		0C8D441E1A218473005421E1 /* CashewOpenGLInfoHelper.m */ = {isa = PBXFileReference; fileEncoding = 4; lastKnownFileType = sourcecode.c.objc; path = CashewOpenGLInfoHelper.m; sourceTree = "<group>"; };
		0C8D441F1A218473005421E1 /* CashewOpenGLView.h */ = {isa = PBXFileReference; fileEncoding = 4; lastKnownFileType = sourcecode.c.h; path = CashewOpenGLView.h; sourceTree = "<group>"; };
		0C8D44201A218473005421E1 /* CashewOpenGLView.m */ = {isa = PBXFileReference; fileEncoding = 4; lastKnownFileType = sourcecode.c.objc; path = CashewOpenGLView.m; sourceTree = "<group>"; };
		0C8D442A1A2199B8005421E1 /* CashewApp.mm */ = {isa = PBXFileReference; fileEncoding = 4; lastKnownFileType = sourcecode.cpp.objcpp; path = CashewApp.mm; sourceTree = "<group>"; };
		0C916B221A20A0AE00676D57 /* cashew.app */ = {isa = PBXFileReference; explicitFileType = wrapper.application; includeInIndex = 0; path = cashew.app; sourceTree = BUILT_PRODUCTS_DIR; };
		0C916B261A20A0AE00676D57 /* Info.plist */ = {isa = PBXFileReference; lastKnownFileType = text.plist.xml; path = Info.plist; sourceTree = "<group>"; };
		0C916B271A20A0AE00676D57 /* CashewAppDelegate.h */ = {isa = PBXFileReference; lastKnownFileType = sourcecode.c.h; path = CashewAppDelegate.h; sourceTree = "<group>"; };
		0C916B281A20A0AE00676D57 /* CashewAppDelegate.mm */ = {isa = PBXFileReference; lastKnownFileType = sourcecode.cpp.objcpp; path = CashewAppDelegate.mm; sourceTree = "<group>"; };
		0C916B2A1A20A0AE00676D57 /* main.m */ = {isa = PBXFileReference; lastKnownFileType = sourcecode.c.objc; path = main.m; sourceTree = "<group>"; };
		0C916B2C1A20A0AE00676D57 /* Images.xcassets */ = {isa = PBXFileReference; lastKnownFileType = folder.assetcatalog; path = Images.xcassets; sourceTree = "<group>"; };
		0C916B2F1A20A0AE00676D57 /* Base */ = {isa = PBXFileReference; lastKnownFileType = file.xib; name = Base; path = Base.lproj/MainMenu.xib; sourceTree = "<group>"; };
		0C916B351A20A0AE00676D57 /* cashewTests.xctest */ = {isa = PBXFileReference; explicitFileType = wrapper.cfbundle; includeInIndex = 0; path = cashewTests.xctest; sourceTree = BUILT_PRODUCTS_DIR; };
		0C916B3A1A20A0AE00676D57 /* Info.plist */ = {isa = PBXFileReference; lastKnownFileType = text.plist.xml; path = Info.plist; sourceTree = "<group>"; };
		0C916B3B1A20A0AE00676D57 /* cashewTests.m */ = {isa = PBXFileReference; lastKnownFileType = sourcecode.c.objc; path = cashewTests.m; sourceTree = "<group>"; };
		0C925C731B197D6B00B304F9 /* FlushDrawWrapper.cpp */ = {isa = PBXFileReference; fileEncoding = 4; lastKnownFileType = sourcecode.cpp.cpp; path = FlushDrawWrapper.cpp; sourceTree = "<group>"; };
		0C925C741B197D6B00B304F9 /* FlushDrawWrapper.h */ = {isa = PBXFileReference; fileEncoding = 4; lastKnownFileType = sourcecode.c.h; path = FlushDrawWrapper.h; sourceTree = "<group>"; };
		0CC49AEA1B64E376007BC02A /* StateMirror.h */ = {isa = PBXFileReference; lastKnownFileType = sourcecode.c.h; path = StateMirror.h; sourceTree = "<group>"; };
		0CC49AEB1B64E391007BC02A /* StateMirror.cpp */ = {isa = PBXFileReference; fileEncoding = 4; lastKnownFileType = sourcecode.cpp.cpp; path = StateMirror.cpp; sourceTree = "<group>"; };
		0CC49AED1B64E9A0007BC02A /* StateMirrorImpl.cpp */ = {isa = PBXFileReference; fileEncoding = 4; lastKnownFileType = sourcecode.cpp.cpp; name = StateMirrorImpl.cpp; path = ../../../../../../src/OpenGL/Impl/State/StateMirrorImpl.cpp; sourceTree = "<group>"; };
		0CC49AEE1B64E9A0007BC02A /* StateMirrorImpl.h */ = {isa = PBXFileReference; fileEncoding = 4; lastKnownFileType = sourcecode.c.h; name = StateMirrorImpl.h; path = ../../../../../../src/OpenGL/Impl/State/StateMirrorImpl.h; sourceTree = "<group>"; };
		0CE732541B14928D0049D5FD /* FontRenderer.cpp */ = {isa = PBXFileReference; fileEncoding = 4; lastKnownFileType = sourcecode.cpp.cpp; path = FontRenderer.cpp; sourceTree = "<group>"; };
		0CE732551B14928D0049D5FD /* FontRenderer.h */ = {isa = PBXFileReference; fileEncoding = 4; lastKnownFileType = sourcecode.c.h; path = FontRenderer.h; sourceTree = "<group>"; };
		0CE999311B510C1D003378BF /* UILabel.cpp */ = {isa = PBXFileReference; fileEncoding = 4; lastKnownFileType = sourcecode.cpp.cpp; path = UILabel.cpp; sourceTree = "<group>"; };
		0CE999321B510C1D003378BF /* UILabel.h */ = {isa = PBXFileReference; fileEncoding = 4; lastKnownFileType = sourcecode.c.h; path = UILabel.h; sourceTree = "<group>"; };
		0CE999341B510C65003378BF /* UILabelImpl.cpp */ = {isa = PBXFileReference; fileEncoding = 4; lastKnownFileType = sourcecode.cpp.cpp; name = UILabelImpl.cpp; path = ../../../../../../src/OpenGL/Impl/UI/UILabelImpl.cpp; sourceTree = "<group>"; };
		0CE999351B510C65003378BF /* UILabelImpl.h */ = {isa = PBXFileReference; fileEncoding = 4; lastKnownFileType = sourcecode.c.h; name = UILabelImpl.h; path = ../../../../../../src/OpenGL/Impl/UI/UILabelImpl.h; sourceTree = "<group>"; };
		0CEC95101B2414260069AAEC /* StateDeleteImpl.cpp */ = {isa = PBXFileReference; fileEncoding = 4; lastKnownFileType = sourcecode.cpp.cpp; name = StateDeleteImpl.cpp; path = ../../../../../../src/OpenGL/Impl/State/StateDeleteImpl.cpp; sourceTree = "<group>"; };
		0CEC95111B2414260069AAEC /* StateDeleteImpl.h */ = {isa = PBXFileReference; fileEncoding = 4; lastKnownFileType = sourcecode.c.h; name = StateDeleteImpl.h; path = ../../../../../../src/OpenGL/Impl/State/StateDeleteImpl.h; sourceTree = "<group>"; };
/* End PBXFileReference section */

/* Begin PBXFrameworksBuildPhase section */
		0C916B1F1A20A0AE00676D57 /* Frameworks */ = {
			isa = PBXFrameworksBuildPhase;
			buildActionMask = 2147483647;
			files = (
				0C8889A01A2ACB2E00068098 /* liblua.a in Frameworks */,
			);
			runOnlyForDeploymentPostprocessing = 0;
		};
		0C916B321A20A0AE00676D57 /* Frameworks */ = {
			isa = PBXFrameworksBuildPhase;
			buildActionMask = 2147483647;
			files = (
			);
			runOnlyForDeploymentPostprocessing = 0;
		};
/* End PBXFrameworksBuildPhase section */

/* Begin PBXGroup section */
		0C0118141AC6F5CF0042E1CC /* FileOperations */ = {
			isa = PBXGroup;
			children = (
				0C0118151AC6F64A0042E1CC /* FileOperations.mm */,
				0C0118171AC6F68E0042E1CC /* FileOperations.h */,
				0C0118181AC6F6CC0042E1CC /* FileOperationsCppWrapper.h */,
			);
			name = FileOperations;
			sourceTree = "<group>";
		};
		0C1EC06B1A6A623B004FA7C2 /* HardwareBuffer */ = {
			isa = PBXGroup;
			children = (
				0C1EC06C1A6A623B004FA7C2 /* HardwareBuffer.cpp */,
				0C1EC06D1A6A623B004FA7C2 /* HardwareBuffer.h */,
			);
			name = HardwareBuffer;
			path = ../../../../src/OpenGL/HardwareBuffer;
			sourceTree = "<group>";
		};
		0C2E4F2E1A65641D003C6ABF /* Basic */ = {
			isa = PBXGroup;
			children = (
				0C5077481AB56F7E00145A41 /* LineSegmentRenderer.cpp */,
				0C5077491AB56F7E00145A41 /* LineSegmentRenderer.h */,
				0C2E4F311A65641D003C6ABF /* PlaneRenderer.cpp */,
				0C2E4F321A65641D003C6ABF /* PlaneRenderer.h */,
				0C529D2B1A7382750034B1E5 /* PointRenderer.cpp */,
				0C529D2C1A7382750034B1E5 /* PointRenderer.h */,
			);
			name = Basic;
			path = ../../../../../src/OpenGL/Impl/Basic;
			sourceTree = "<group>";
		};
		0C40ACB31AE35F52001CAC31 /* Fonts */ = {
			isa = PBXGroup;
			children = (
				0CE732541B14928D0049D5FD /* FontRenderer.cpp */,
				0CE732551B14928D0049D5FD /* FontRenderer.h */,
				0C925C731B197D6B00B304F9 /* FlushDrawWrapper.cpp */,
				0C925C741B197D6B00B304F9 /* FlushDrawWrapper.h */,
				0C40ACB41AE35F52001CAC31 /* fontstash.c */,
				0C40ACB51AE35F52001CAC31 /* fontstash.h */,
				0C40ACB61AE35F52001CAC31 /* stb_truetype.h */,
			);
			name = Fonts;
			path = ../../../../src/OpenGL/Fonts;
			sourceTree = "<group>";
		};
		0C45C6021A86213300A5424F /* TextureManager */ = {
			isa = PBXGroup;
			children = (
				0C45C6081A86246200A5424F /* stb_image.cpp */,
				0C45C6091A86246200A5424F /* stb_image.h */,
				0C45C6031A86213300A5424F /* TextureManager.cpp */,
				0C45C6041A86213300A5424F /* TextureManager.h */,
			);
			name = TextureManager;
			path = ../../../../src/OpenGL/TextureManager;
			sourceTree = "<group>";
		};
		0C5F953B1A614F0100BE91E9 /* OpenGL */ = {
			isa = PBXGroup;
			children = (
				0C40ACB31AE35F52001CAC31 /* Fonts */,
				0C45C6021A86213300A5424F /* TextureManager */,
				0C7201A51A7DFE4700CFA38F /* DepthPeeling */,
				0C1EC06B1A6A623B004FA7C2 /* HardwareBuffer */,
				0C5F95531A6157C700BE91E9 /* Shader */,
				0C5F953C1A614F0100BE91E9 /* Impl */,
				0C5F954A1A614F0100BE91E9 /* Util */,
			);
			path = OpenGL;
			sourceTree = "<group>";
		};
		0C5F953C1A614F0100BE91E9 /* Impl */ = {
			isa = PBXGroup;
			children = (
				0C2E4F2E1A65641D003C6ABF /* Basic */,
				0C5F953D1A614F0100BE91E9 /* Scene */,
				0C5F95401A614F0100BE91E9 /* State */,
				0C5F95451A614F0100BE91E9 /* UI */,
			);
			path = Impl;
			sourceTree = "<group>";
		};
		0C5F953D1A614F0100BE91E9 /* Scene */ = {
			isa = PBXGroup;
			children = (
				0C3B904B1ABD60AE00F7C594 /* LineSketches.cpp */,
				0C3B904C1ABD60AE00F7C594 /* LineSketches.h */,
				0C5F953E1A614F0100BE91E9 /* Scene.cpp */,
				0C5F953F1A614F0100BE91E9 /* Scene.h */,
			);
			path = Scene;
			sourceTree = "<group>";
		};
		0C5F95401A614F0100BE91E9 /* State */ = {
			isa = PBXGroup;
			children = (
				0C5F95421A614F0100BE91E9 /* StateIdleImpl.h */,
				0C5F95411A614F0100BE91E9 /* StateIdleImpl.cpp */,
				0C5F95441A614F0100BE91E9 /* StateSelectPlaneImpl.h */,
				0C5F95431A614F0100BE91E9 /* StateSelectPlaneImpl.cpp */,
				0C529D291A7364C10034B1E5 /* StateDrawImpl.h */,
				0C529D281A7364C10034B1E5 /* StateDrawImpl.cpp */,
				0CEC95111B2414260069AAEC /* StateDeleteImpl.h */,
				0CEC95101B2414260069AAEC /* StateDeleteImpl.cpp */,
				0CC49AEE1B64E9A0007BC02A /* StateMirrorImpl.h */,
				0CC49AED1B64E9A0007BC02A /* StateMirrorImpl.cpp */,
			);
			path = State;
			sourceTree = "<group>";
		};
		0C5F95451A614F0100BE91E9 /* UI */ = {
			isa = PBXGroup;
			children = (
				0CE999341B510C65003378BF /* UILabelImpl.cpp */,
				0CE999351B510C65003378BF /* UILabelImpl.h */,
				0C5F95461A614F0100BE91E9 /* UIButtonImpl.cpp */,
				0C5F95471A614F0100BE91E9 /* UIButtonImpl.h */,
				0C5F95481A614F0100BE91E9 /* UIImpl.cpp */,
				0C5F95491A614F0100BE91E9 /* UIImpl.h */,
			);
			path = UI;
			sourceTree = "<group>";
		};
		0C5F954A1A614F0100BE91E9 /* Util */ = {
			isa = PBXGroup;
			children = (
				0C5F95501A614FD500BE91E9 /* Utility.cpp */,
				0C5F95511A614FD500BE91E9 /* Utility.h */,
			);
			path = Util;
			sourceTree = "<group>";
		};
		0C5F95531A6157C700BE91E9 /* Shader */ = {
			isa = PBXGroup;
			children = (
				0C5F95541A6157C700BE91E9 /* GLSLShader.cpp */,
				0C5F95551A6157C700BE91E9 /* GLSLShader.h */,
			);
			name = Shader;
			path = ../../../../src/OpenGL/Shader;
			sourceTree = "<group>";
		};
		0C7201A51A7DFE4700CFA38F /* DepthPeeling */ = {
			isa = PBXGroup;
			children = (
				0C7201A61A7DFE4700CFA38F /* DepthPeeling.cpp */,
				0C7201A71A7DFE4700CFA38F /* DepthPeeling.h */,
			);
			name = DepthPeeling;
			path = ../../../../src/OpenGL/DepthPeeling;
			sourceTree = "<group>";
		};
		0C77641C1A3C7ABE0010E1BB /* UI */ = {
			isa = PBXGroup;
			children = (
				0C77641D1A3C7ABE0010E1BB /* UI.cpp */,
				0C77641E1A3C7ABE0010E1BB /* UI.h */,
				0CE999311B510C1D003378BF /* UILabel.cpp */,
				0CE999321B510C1D003378BF /* UILabel.h */,
				0C77641F1A3C7ABE0010E1BB /* UIButton.cpp */,
				0C7764201A3C7ABE0010E1BB /* UIButton.h */,
				0C7764211A3C7ABE0010E1BB /* UINode.cpp */,
				0C7764221A3C7ABE0010E1BB /* UINode.h */,
				0C73BF3E1B883D2100A9B7D2 /* IMGUI.cpp */,
				0C73BF3F1B883D2100A9B7D2 /* IMGUI.h */,
			);
			name = UI;
			path = ../../../../src/Core/UI;
			sourceTree = "<group>";
		};
		0C88896D1A2984C600068098 /* Core */ = {
			isa = PBXGroup;
			children = (
				0C77641C1A3C7ABE0010E1BB /* UI */,
				0C8889981A2AC0B600068098 /* Scripting */,
				0C8889941A2ABEDB00068098 /* Controller */,
				0C88898D1A2AB05300068098 /* State */,
				0C88896E1A2984C600068098 /* Basic */,
				0C8889741A2984C600068098 /* Camera */,
				0C8889771A2984C600068098 /* Graphics */,
				0C88897A1A2984C600068098 /* Math */,
				0C8889801A2984C600068098 /* Util */,
			);
			path = Core;
			sourceTree = "<group>";
		};
		0C88896E1A2984C600068098 /* Basic */ = {
			isa = PBXGroup;
			children = (
				0C88896F1A2984C600068098 /* LineSegment.cpp */,
				0C8889701A2984C600068098 /* LineSegment.h */,
				0C8889711A2984C600068098 /* Plane.cpp */,
				0C8889721A2984C600068098 /* Plane.h */,
				0C8889731A2984C600068098 /* Ray.h */,
			);
			path = Basic;
			sourceTree = "<group>";
		};
		0C8889741A2984C600068098 /* Camera */ = {
			isa = PBXGroup;
			children = (
				0C8889751A2984C600068098 /* Camera.cpp */,
				0C8889761A2984C600068098 /* Camera.h */,
			);
			path = Camera;
			sourceTree = "<group>";
		};
		0C8889771A2984C600068098 /* Graphics */ = {
			isa = PBXGroup;
			children = (
				0C8889781A2984C600068098 /* Project.cpp */,
				0C8889791A2984C600068098 /* Project.h */,
			);
			path = Graphics;
			sourceTree = "<group>";
		};
		0C88897A1A2984C600068098 /* Math */ = {
			isa = PBXGroup;
			children = (
				0C88897B1A2984C600068098 /* Matrices.cpp */,
				0C88897C1A2984C600068098 /* Matrices.h */,
				0C88897D1A2984C600068098 /* Quaternion.cpp */,
				0C88897E1A2984C600068098 /* Quaternion.h */,
				0C88897F1A2984C600068098 /* Vectors.h */,
			);
			path = Math;
			sourceTree = "<group>";
		};
		0C8889801A2984C600068098 /* Util */ = {
			isa = PBXGroup;
			children = (
				0C8889811A2984C600068098 /* Intersect.cpp */,
				0C8889821A2984C600068098 /* Intersect.h */,
				0C8889831A2984C600068098 /* Utility.cpp */,
				0C8889841A2984C600068098 /* Utility.h */,
			);
			path = Util;
			sourceTree = "<group>";
		};
		0C88898D1A2AB05300068098 /* State */ = {
			isa = PBXGroup;
			children = (
				0C88898F1A2AB05300068098 /* State.h */,
				0C88898E1A2AB05300068098 /* State.cpp */,
				0C8889911A2AB05300068098 /* StateIdle.h */,
				0C8889901A2AB05300068098 /* StateIdle.cpp */,
				0C634FD41A30A35A0085E502 /* StateSelectPlane.h */,
				0C634FD31A30A35A0085E502 /* StateSelectPlane.cpp */,
				0C8889A61A2B1AB100068098 /* StateDraw.h */,
				0C8889A51A2B1AB100068098 /* StateDraw.cpp */,
				0C68F9B11B229DAA00DDD23A /* StateDelete.h */,
				0C68F9B01B229DAA00DDD23A /* StateDelete.cpp */,
				0CC49AEA1B64E376007BC02A /* StateMirror.h */,
				0CC49AEB1B64E391007BC02A /* StateMirror.cpp */,
			);
			name = State;
			path = ../../../../src/Core/State;
			sourceTree = "<group>";
		};
		0C8889941A2ABEDB00068098 /* Controller */ = {
			isa = PBXGroup;
			children = (
				0C693EF31AA4BF7700356F22 /* Mouse.h */,
				0C8889961A2ABF7A00068098 /* Controller.cpp */,
				0C8889951A2ABEDB00068098 /* Controller.h */,
			);
			name = Controller;
			path = ../../../../src/Core/Controller;
			sourceTree = "<group>";
		};
		0C8889981A2AC0B600068098 /* Scripting */ = {
			isa = PBXGroup;
			children = (
				0C8889991A2AC0B600068098 /* luatables.cpp */,
				0C88899A1A2AC0B600068098 /* luatables.h */,
				0C88899B1A2AC0B600068098 /* luaUtility.cpp */,
				0C88899C1A2AC0B600068098 /* luaUtility.h */,
			);
			name = Scripting;
			path = ../../../../src/Core/Scripting;
			sourceTree = "<group>";
		};
		0C916B191A20A0AE00676D57 = {
			isa = PBXGroup;
			children = (
				0C88899F1A2ACB2E00068098 /* liblua.a */,
				0C916B241A20A0AE00676D57 /* cashew */,
				0C916B381A20A0AE00676D57 /* cashewTests */,
				0C916B231A20A0AE00676D57 /* Products */,
			);
			sourceTree = "<group>";
		};
		0C916B231A20A0AE00676D57 /* Products */ = {
			isa = PBXGroup;
			children = (
				0C916B221A20A0AE00676D57 /* cashew.app */,
				0C916B351A20A0AE00676D57 /* cashewTests.xctest */,
			);
			name = Products;
			sourceTree = "<group>";
		};
		0C916B241A20A0AE00676D57 /* cashew */ = {
			isa = PBXGroup;
			children = (
				0C88896D1A2984C600068098 /* Core */,
				0C5F953B1A614F0100BE91E9 /* OpenGL */,
				0C0118141AC6F5CF0042E1CC /* FileOperations */,
				0C8D442A1A2199B8005421E1 /* CashewApp.mm */,
				0C8D441B1A218473005421E1 /* CashewInputController.h */,
				0C8D441C1A218473005421E1 /* CashewInputController.m */,
				0C8D441D1A218473005421E1 /* CashewOpenGLInfoHelper.h */,
				0C8D441E1A218473005421E1 /* CashewOpenGLInfoHelper.m */,
				0C8D441F1A218473005421E1 /* CashewOpenGLView.h */,
				0C8D44201A218473005421E1 /* CashewOpenGLView.m */,
				0C916B271A20A0AE00676D57 /* CashewAppDelegate.h */,
				0C916B281A20A0AE00676D57 /* CashewAppDelegate.mm */,
				0C916B2C1A20A0AE00676D57 /* Images.xcassets */,
				0C916B2E1A20A0AE00676D57 /* MainMenu.xib */,
				0C46317E1A5AE62D00D0CEFE /* media */,
				0C22476F1A3D925A00349BCC /* lua_scripts */,
				0C2247711A3D92F700349BCC /* Shader */,
				0C916B251A20A0AE00676D57 /* Supporting Files */,
			);
			path = cashew;
			sourceTree = "<group>";
		};
		0C916B251A20A0AE00676D57 /* Supporting Files */ = {
			isa = PBXGroup;
			children = (
				0C916B261A20A0AE00676D57 /* Info.plist */,
				0C916B2A1A20A0AE00676D57 /* main.m */,
			);
			name = "Supporting Files";
			sourceTree = "<group>";
		};
		0C916B381A20A0AE00676D57 /* cashewTests */ = {
			isa = PBXGroup;
			children = (
				0C916B3B1A20A0AE00676D57 /* cashewTests.m */,
				0C916B391A20A0AE00676D57 /* Supporting Files */,
			);
			path = cashewTests;
			sourceTree = "<group>";
		};
		0C916B391A20A0AE00676D57 /* Supporting Files */ = {
			isa = PBXGroup;
			children = (
				0C916B3A1A20A0AE00676D57 /* Info.plist */,
			);
			name = "Supporting Files";
			sourceTree = "<group>";
		};
/* End PBXGroup section */

/* Begin PBXNativeTarget section */
		0C916B211A20A0AE00676D57 /* cashew */ = {
			isa = PBXNativeTarget;
			buildConfigurationList = 0C916B3F1A20A0AE00676D57 /* Build configuration list for PBXNativeTarget "cashew" */;
			buildPhases = (
				0C916B1E1A20A0AE00676D57 /* Sources */,
				0C916B1F1A20A0AE00676D57 /* Frameworks */,
				0C916B201A20A0AE00676D57 /* Resources */,
			);
			buildRules = (
			);
			dependencies = (
			);
			name = cashew;
			productName = cashew;
			productReference = 0C916B221A20A0AE00676D57 /* cashew.app */;
			productType = "com.apple.product-type.application";
		};
		0C916B341A20A0AE00676D57 /* cashewTests */ = {
			isa = PBXNativeTarget;
			buildConfigurationList = 0C916B421A20A0AE00676D57 /* Build configuration list for PBXNativeTarget "cashewTests" */;
			buildPhases = (
				0C916B311A20A0AE00676D57 /* Sources */,
				0C916B321A20A0AE00676D57 /* Frameworks */,
				0C916B331A20A0AE00676D57 /* Resources */,
			);
			buildRules = (
			);
			dependencies = (
				0C916B371A20A0AE00676D57 /* PBXTargetDependency */,
			);
			name = cashewTests;
			productName = cashewTests;
			productReference = 0C916B351A20A0AE00676D57 /* cashewTests.xctest */;
			productType = "com.apple.product-type.bundle.unit-test";
		};
/* End PBXNativeTarget section */

/* Begin PBXProject section */
		0C916B1A1A20A0AE00676D57 /* Project object */ = {
			isa = PBXProject;
			attributes = {
				LastUpgradeCheck = 0610;
				ORGANIZATIONNAME = "Xu, Shipeng";
				TargetAttributes = {
					0C916B211A20A0AE00676D57 = {
						CreatedOnToolsVersion = 6.1;
					};
					0C916B341A20A0AE00676D57 = {
						CreatedOnToolsVersion = 6.1;
						TestTargetID = 0C916B211A20A0AE00676D57;
					};
				};
			};
			buildConfigurationList = 0C916B1D1A20A0AE00676D57 /* Build configuration list for PBXProject "cashew" */;
			compatibilityVersion = "Xcode 3.2";
			developmentRegion = English;
			hasScannedForEncodings = 0;
			knownRegions = (
				en,
				Base,
			);
			mainGroup = 0C916B191A20A0AE00676D57;
			productRefGroup = 0C916B231A20A0AE00676D57 /* Products */;
			projectDirPath = "";
			projectRoot = "";
			targets = (
				0C916B211A20A0AE00676D57 /* cashew */,
				0C916B341A20A0AE00676D57 /* cashewTests */,
			);
		};
/* End PBXProject section */

/* Begin PBXResourcesBuildPhase section */
		0C916B201A20A0AE00676D57 /* Resources */ = {
			isa = PBXResourcesBuildPhase;
			buildActionMask = 2147483647;
			files = (
				0C2247701A3D925A00349BCC /* lua_scripts in Resources */,
				0C2247721A3D92F700349BCC /* Shader in Resources */,
				0C46317F1A5AE62D00D0CEFE /* media in Resources */,
				0C916B2D1A20A0AE00676D57 /* Images.xcassets in Resources */,
				0C916B301A20A0AE00676D57 /* MainMenu.xib in Resources */,
			);
			runOnlyForDeploymentPostprocessing = 0;
		};
		0C916B331A20A0AE00676D57 /* Resources */ = {
			isa = PBXResourcesBuildPhase;
			buildActionMask = 2147483647;
			files = (
			);
			runOnlyForDeploymentPostprocessing = 0;
		};
/* End PBXResourcesBuildPhase section */

/* Begin PBXSourcesBuildPhase section */
		0C916B1E1A20A0AE00676D57 /* Sources */ = {
			isa = PBXSourcesBuildPhase;
			buildActionMask = 2147483647;
			files = (
				0C916B2B1A20A0AE00676D57 /* main.m in Sources */,
				0C88898C1A2984C600068098 /* Utility.cpp in Sources */,
				0C8D442B1A2199B8005421E1 /* CashewApp.mm in Sources */,
				0C529D2A1A7364C10034B1E5 /* StateDrawImpl.cpp in Sources */,
				0C40ACB71AE35F52001CAC31 /* fontstash.c in Sources */,
				0C8889931A2AB05300068098 /* StateIdle.cpp in Sources */,
				0C1EC06E1A6A623B004FA7C2 /* HardwareBuffer.cpp in Sources */,
				0C8889871A2984C600068098 /* Camera.cpp in Sources */,
				0C5F954B1A614F0100BE91E9 /* Scene.cpp in Sources */,
				0C8889971A2ABF7A00068098 /* Controller.cpp in Sources */,
				0C925C751B197D6B00B304F9 /* FlushDrawWrapper.cpp in Sources */,
				0C8889861A2984C600068098 /* Plane.cpp in Sources */,
				0C5F95561A6157C700BE91E9 /* GLSLShader.cpp in Sources */,
				0C8D44251A218473005421E1 /* CashewInputController.m in Sources */,
				0CC49AEF1B64E9A0007BC02A /* StateMirrorImpl.cpp in Sources */,
				0C8889891A2984C600068098 /* Matrices.cpp in Sources */,
				0C2E4F341A65641D003C6ABF /* PlaneRenderer.cpp in Sources */,
				0C7764251A3C7ABE0010E1BB /* UINode.cpp in Sources */,
				0C5F954F1A614F0100BE91E9 /* UIImpl.cpp in Sources */,
				0C45C60B1A86246200A5424F /* stb_image.cpp in Sources */,
				0C88899E1A2AC0B600068098 /* luaUtility.cpp in Sources */,
				0C88898A1A2984C600068098 /* Quaternion.cpp in Sources */,
				0C88899D1A2AC0B600068098 /* luatables.cpp in Sources */,
				0C5F95521A614FD500BE91E9 /* Utility.cpp in Sources */,
				0C8889851A2984C600068098 /* LineSegment.cpp in Sources */,
				0C7764231A3C7ABE0010E1BB /* UI.cpp in Sources */,
				0C529D2D1A7382750034B1E5 /* PointRenderer.cpp in Sources */,
				0C8889881A2984C600068098 /* Project.cpp in Sources */,
				0C7201A81A7DFE4700CFA38F /* DepthPeeling.cpp in Sources */,
				0CEC95121B2414260069AAEC /* StateDeleteImpl.cpp in Sources */,
				0C916B291A20A0AE00676D57 /* CashewAppDelegate.mm in Sources */,
				0C3B904D1ABD60AE00F7C594 /* LineSketches.cpp in Sources */,
				0C634FD51A30A35A0085E502 /* StateSelectPlane.cpp in Sources */,
				0CE999361B510C65003378BF /* UILabelImpl.cpp in Sources */,
				0C0118161AC6F64A0042E1CC /* FileOperations.mm in Sources */,
				0C8D44271A218473005421E1 /* CashewOpenGLView.m in Sources */,
				0C5F954E1A614F0100BE91E9 /* UIButtonImpl.cpp in Sources */,
				0C8D44261A218473005421E1 /* CashewOpenGLInfoHelper.m in Sources */,
				0C50774A1AB56F7E00145A41 /* LineSegmentRenderer.cpp in Sources */,
				0CC49AEC1B64E391007BC02A /* StateMirror.cpp in Sources */,
				0CE999331B510C1D003378BF /* UILabel.cpp in Sources */,
				0C7764241A3C7ABE0010E1BB /* UIButton.cpp in Sources */,
				0C5F954C1A614F0100BE91E9 /* StateIdleImpl.cpp in Sources */,
				0C73BF401B883D2100A9B7D2 /* IMGUI.cpp in Sources */,
				0C8889A71A2B1AB100068098 /* StateDraw.cpp in Sources */,
				0C88898B1A2984C600068098 /* Intersect.cpp in Sources */,
				0C45C6051A86213300A5424F /* TextureManager.cpp in Sources */,
				0C68F9B21B229DAA00DDD23A /* StateDelete.cpp in Sources */,
				0C5F954D1A614F0100BE91E9 /* StateSelectPlaneImpl.cpp in Sources */,
				0C8889921A2AB05300068098 /* State.cpp in Sources */,
				0CE732561B14928D0049D5FD /* FontRenderer.cpp in Sources */,
			);
			runOnlyForDeploymentPostprocessing = 0;
		};
		0C916B311A20A0AE00676D57 /* Sources */ = {
			isa = PBXSourcesBuildPhase;
			buildActionMask = 2147483647;
			files = (
				0C916B3C1A20A0AE00676D57 /* cashewTests.m in Sources */,
			);
			runOnlyForDeploymentPostprocessing = 0;
		};
/* End PBXSourcesBuildPhase section */

/* Begin PBXTargetDependency section */
		0C916B371A20A0AE00676D57 /* PBXTargetDependency */ = {
			isa = PBXTargetDependency;
			target = 0C916B211A20A0AE00676D57 /* cashew */;
			targetProxy = 0C916B361A20A0AE00676D57 /* PBXContainerItemProxy */;
		};
/* End PBXTargetDependency section */

/* Begin PBXVariantGroup section */
		0C916B2E1A20A0AE00676D57 /* MainMenu.xib */ = {
			isa = PBXVariantGroup;
			children = (
				0C916B2F1A20A0AE00676D57 /* Base */,
			);
			name = MainMenu.xib;
			sourceTree = "<group>";
		};
/* End PBXVariantGroup section */

/* Begin XCBuildConfiguration section */
		0C916B3D1A20A0AE00676D57 /* Debug */ = {
			isa = XCBuildConfiguration;
			buildSettings = {
				ALWAYS_SEARCH_USER_PATHS = NO;
				CLANG_CXX_LANGUAGE_STANDARD = "gnu++0x";
				CLANG_CXX_LIBRARY = "libc++";
				CLANG_ENABLE_MODULES = YES;
				CLANG_ENABLE_OBJC_ARC = YES;
				CLANG_WARN_BOOL_CONVERSION = YES;
				CLANG_WARN_CONSTANT_CONVERSION = YES;
				CLANG_WARN_DIRECT_OBJC_ISA_USAGE = YES_ERROR;
				CLANG_WARN_EMPTY_BODY = YES;
				CLANG_WARN_ENUM_CONVERSION = YES;
				CLANG_WARN_INT_CONVERSION = YES;
				CLANG_WARN_OBJC_ROOT_CLASS = YES_ERROR;
				CLANG_WARN_UNREACHABLE_CODE = YES;
				CLANG_WARN__DUPLICATE_METHOD_MATCH = YES;
				CODE_SIGN_IDENTITY = "-";
				COPY_PHASE_STRIP = NO;
				ENABLE_STRICT_OBJC_MSGSEND = YES;
				GCC_C_LANGUAGE_STANDARD = gnu99;
				GCC_DYNAMIC_NO_PIC = NO;
				GCC_OPTIMIZATION_LEVEL = 0;
				GCC_PREPROCESSOR_DEFINITIONS = (
					"DEBUG=1",
					"$(inherited)",
				);
				GCC_SYMBOLS_PRIVATE_EXTERN = NO;
				GCC_WARN_64_TO_32_BIT_CONVERSION = YES;
				GCC_WARN_ABOUT_RETURN_TYPE = YES_ERROR;
				GCC_WARN_UNDECLARED_SELECTOR = YES;
				GCC_WARN_UNINITIALIZED_AUTOS = YES_AGGRESSIVE;
				GCC_WARN_UNUSED_FUNCTION = YES;
				GCC_WARN_UNUSED_VARIABLE = YES;
				MACOSX_DEPLOYMENT_TARGET = 10.9;
				MTL_ENABLE_DEBUG_INFO = YES;
				ONLY_ACTIVE_ARCH = YES;
				SDKROOT = macosx;
			};
			name = Debug;
		};
		0C916B3E1A20A0AE00676D57 /* Release */ = {
			isa = XCBuildConfiguration;
			buildSettings = {
				ALWAYS_SEARCH_USER_PATHS = NO;
				CLANG_CXX_LANGUAGE_STANDARD = "gnu++0x";
				CLANG_CXX_LIBRARY = "libc++";
				CLANG_ENABLE_MODULES = YES;
				CLANG_ENABLE_OBJC_ARC = YES;
				CLANG_WARN_BOOL_CONVERSION = YES;
				CLANG_WARN_CONSTANT_CONVERSION = YES;
				CLANG_WARN_DIRECT_OBJC_ISA_USAGE = YES_ERROR;
				CLANG_WARN_EMPTY_BODY = YES;
				CLANG_WARN_ENUM_CONVERSION = YES;
				CLANG_WARN_INT_CONVERSION = YES;
				CLANG_WARN_OBJC_ROOT_CLASS = YES_ERROR;
				CLANG_WARN_UNREACHABLE_CODE = YES;
				CLANG_WARN__DUPLICATE_METHOD_MATCH = YES;
				CODE_SIGN_IDENTITY = "-";
				COPY_PHASE_STRIP = YES;
				DEBUG_INFORMATION_FORMAT = "dwarf-with-dsym";
				ENABLE_NS_ASSERTIONS = NO;
				ENABLE_STRICT_OBJC_MSGSEND = YES;
				GCC_C_LANGUAGE_STANDARD = gnu99;
				GCC_WARN_64_TO_32_BIT_CONVERSION = YES;
				GCC_WARN_ABOUT_RETURN_TYPE = YES_ERROR;
				GCC_WARN_UNDECLARED_SELECTOR = YES;
				GCC_WARN_UNINITIALIZED_AUTOS = YES_AGGRESSIVE;
				GCC_WARN_UNUSED_FUNCTION = YES;
				GCC_WARN_UNUSED_VARIABLE = YES;
				MACOSX_DEPLOYMENT_TARGET = 10.9;
				MTL_ENABLE_DEBUG_INFO = NO;
				SDKROOT = macosx;
			};
			name = Release;
		};
		0C916B401A20A0AE00676D57 /* Debug */ = {
			isa = XCBuildConfiguration;
			buildSettings = {
				ASSETCATALOG_COMPILER_APPICON_NAME = AppIcon;
				COMBINE_HIDPI_IMAGES = YES;
				HEADER_SEARCH_PATHS = (
					"$(inherited)",
					/Applications/Xcode.app/Contents/Developer/Toolchains/XcodeDefault.xctoolchain/usr/include,
				);
				INFOPLIST_FILE = cashew/Info.plist;
				LD_RUNPATH_SEARCH_PATHS = "$(inherited) @executable_path/../Frameworks";
				LIBRARY_SEARCH_PATHS = "../../lib/lua-5.2.3/src/";
				OTHER_CFLAGS = (
					"-I./cashew/",
					"-I./../../lib/lua-5.2.3/src/",
					"-llua",
				);
				OTHER_CPLUSPLUSFLAGS = "$(OTHER_CFLAGS)";
				PRODUCT_NAME = "$(TARGET_NAME)";
				USER_HEADER_SEARCH_PATHS = "./cashew/**";
			};
			name = Debug;
		};
		0C916B411A20A0AE00676D57 /* Release */ = {
			isa = XCBuildConfiguration;
			buildSettings = {
				ASSETCATALOG_COMPILER_APPICON_NAME = AppIcon;
				COMBINE_HIDPI_IMAGES = YES;
				HEADER_SEARCH_PATHS = (
					"$(inherited)",
					/Applications/Xcode.app/Contents/Developer/Toolchains/XcodeDefault.xctoolchain/usr/include,
				);
				INFOPLIST_FILE = cashew/Info.plist;
				LD_RUNPATH_SEARCH_PATHS = "$(inherited) @executable_path/../Frameworks";
				LIBRARY_SEARCH_PATHS = "../../lib/lua-5.2.3/src/";
				OTHER_CFLAGS = (
					"-I./cashew/",
					"-I./../../lib/lua-5.2.3/src/",
					"-llua",
				);
				OTHER_CPLUSPLUSFLAGS = "$(OTHER_CFLAGS)";
				PRODUCT_NAME = "$(TARGET_NAME)";
				USER_HEADER_SEARCH_PATHS = "./cashew/**";
			};
			name = Release;
		};
		0C916B431A20A0AE00676D57 /* Debug */ = {
			isa = XCBuildConfiguration;
			buildSettings = {
				BUNDLE_LOADER = "$(TEST_HOST)";
				COMBINE_HIDPI_IMAGES = YES;
				FRAMEWORK_SEARCH_PATHS = (
					"$(DEVELOPER_FRAMEWORKS_DIR)",
					"$(inherited)",
				);
				GCC_PREPROCESSOR_DEFINITIONS = (
					"DEBUG=1",
					"$(inherited)",
				);
				INFOPLIST_FILE = cashewTests/Info.plist;
				LD_RUNPATH_SEARCH_PATHS = "$(inherited) @executable_path/../Frameworks @loader_path/../Frameworks";
				PRODUCT_NAME = "$(TARGET_NAME)";
				TEST_HOST = "$(BUILT_PRODUCTS_DIR)/cashew.app/Contents/MacOS/cashew";
			};
			name = Debug;
		};
		0C916B441A20A0AE00676D57 /* Release */ = {
			isa = XCBuildConfiguration;
			buildSettings = {
				BUNDLE_LOADER = "$(TEST_HOST)";
				COMBINE_HIDPI_IMAGES = YES;
				FRAMEWORK_SEARCH_PATHS = (
					"$(DEVELOPER_FRAMEWORKS_DIR)",
					"$(inherited)",
				);
				INFOPLIST_FILE = cashewTests/Info.plist;
				LD_RUNPATH_SEARCH_PATHS = "$(inherited) @executable_path/../Frameworks @loader_path/../Frameworks";
				PRODUCT_NAME = "$(TARGET_NAME)";
				TEST_HOST = "$(BUILT_PRODUCTS_DIR)/cashew.app/Contents/MacOS/cashew";
			};
			name = Release;
		};
/* End XCBuildConfiguration section */

/* Begin XCConfigurationList section */
		0C916B1D1A20A0AE00676D57 /* Build configuration list for PBXProject "cashew" */ = {
			isa = XCConfigurationList;
			buildConfigurations = (
				0C916B3D1A20A0AE00676D57 /* Debug */,
				0C916B3E1A20A0AE00676D57 /* Release */,
			);
			defaultConfigurationIsVisible = 0;
			defaultConfigurationName = Release;
		};
		0C916B3F1A20A0AE00676D57 /* Build configuration list for PBXNativeTarget "cashew" */ = {
			isa = XCConfigurationList;
			buildConfigurations = (
				0C916B401A20A0AE00676D57 /* Debug */,
				0C916B411A20A0AE00676D57 /* Release */,
			);
			defaultConfigurationIsVisible = 0;
			defaultConfigurationName = Release;
		};
		0C916B421A20A0AE00676D57 /* Build configuration list for PBXNativeTarget "cashewTests" */ = {
			isa = XCConfigurationList;
			buildConfigurations = (
				0C916B431A20A0AE00676D57 /* Debug */,
				0C916B441A20A0AE00676D57 /* Release */,
			);
			defaultConfigurationIsVisible = 0;
			defaultConfigurationName = Release;
		};
/* End XCConfigurationList section */
	};
	rootObject = 0C916B1A1A20A0AE00676D57 /* Project object */;
}
