<?xml version="1.0" encoding="utf-8"?>
<Project ToolsVersion="4.0" xmlns="http://schemas.microsoft.com/developer/msbuild/2003">
  <ItemGroup>
    <Filter Include="Source Files">
      <UniqueIdentifier>{4FC737F1-C7A5-4376-A066-2A32D752A2FF}</UniqueIdentifier>
      <Extensions>cpp;c;cc;cxx;def;odl;idl;hpj;bat;asm;asmx</Extensions>
    </Filter>
    <Filter Include="Header Files">
      <UniqueIdentifier>{93995380-89BD-4b04-88EB-625FBE52EBFB}</UniqueIdentifier>
      <Extensions>h;hpp;hxx;hm;inl;inc;xsd</Extensions>
    </Filter>
    <Filter Include="Resource Files">
      <UniqueIdentifier>{67DA6AB6-F800-4c08-8B7A-83BB121AAD01}</UniqueIdentifier>
      <Extensions>rc;ico;cur;bmp;dlg;rc2;rct;bin;rgs;gif;jpg;jpeg;jpe;resx;tiff;tif;png;wav;mfcribbon-ms</Extensions>
    </Filter>
    <Filter Include="Source Files\Draw">
      <UniqueIdentifier>{7e5e5963-9951-4578-bd4c-a5a7b497f742}</UniqueIdentifier>
    </Filter>
    <Filter Include="Source Files\Control">
      <UniqueIdentifier>{2ebd0d36-a2c5-4690-853a-2ee4e4470bc1}</UniqueIdentifier>
    </Filter>
  </ItemGroup>
  <ItemGroup>
    <ClCompile Include="main.cpp">
      <Filter>Source Files</Filter>
    </ClCompile>
    <ClCompile Include="display.cpp">
      <Filter>Source Files</Filter>
    </ClCompile>
    <ClCompile Include="Draw\line.cpp">
      <Filter>Source Files\Draw</Filter>
    </ClCompile>
    <ClCompile Include="Draw\plane.cpp">
      <Filter>Source Files\Draw</Filter>
    </ClCompile>
    <ClCompile Include="Control\Camera.cpp">
      <Filter>Source Files\Control</Filter>
    </ClCompile>
    <ClCompile Include="Matrices.cpp">
      <Filter>Source Files</Filter>
    </ClCompile>
    <ClCompile Include="Draw\scene.cpp">
      <Filter>Source Files\Draw</Filter>
    </ClCompile>
  </ItemGroup>
  <ItemGroup>
    <ClInclude Include="display.h">
      <Filter>Source Files</Filter>
    </ClInclude>
    <ClInclude Include="Draw\line.h">
      <Filter>Source Files\Draw</Filter>
    </ClInclude>
    <ClInclude Include="Draw\plane.h">
      <Filter>Source Files\Draw</Filter>
    </ClInclude>
    <ClInclude Include="Control\Camera.h">
      <Filter>Source Files\Control</Filter>
    </ClInclude>
    <ClInclude Include="Matrices.h">
      <Filter>Source Files</Filter>
    </ClInclude>
    <ClInclude Include="Vectors.h">
      <Filter>Source Files</Filter>
    </ClInclude>
    <ClInclude Include="Draw\scene.h">
      <Filter>Source Files\Draw</Filter>
    </ClInclude>
  </ItemGroup>
</Project>